
Microsoft Visual Studio Solution File, Format Version 12.00
# Visual Studio 15
VisualStudioVersion = 15.0.28010.0
MinimumVisualStudioVersion = 10.0.40219.1
Project("{FAE04EC0-301F-11D3-BF4B-00C04F79EFBC}") = "main", "main\main.csproj", "{D22E9463-6349-4295-97AF-A61D948E21E4}"
EndProject
Global
	GlobalSection(SolutionConfigurationPlatforms) = preSolution
		Debug|Any CPU = Debug|Any CPU
		Release|Any CPU = Release|Any CPU
	EndGlobalSection
	GlobalSection(ProjectConfigurationPlatforms) = postSolution
		{D22E9463-6349-4295-97AF-A61D948E21E4}.Debug|Any CPU.ActiveCfg = Debug|Any CPU
		{D22E9463-6349-4295-97AF-A61D948E21E4}.Debug|Any CPU.Build.0 = Debug|Any CPU
		{D22E9463-6349-4295-97AF-A61D948E21E4}.Release|Any CPU.ActiveCfg = Release|Any CPU
		{D22E9463-6349-4295-97AF-A61D948E21E4}.Release|Any CPU.Build.0 = Release|Any CPU
	EndGlobalSection
	GlobalSection(SolutionProperties) = preSolution
		HideSolutionNode = FALSE
	EndGlobalSection
	GlobalSection(ExtensibilityGlobals) = postSolution
		SolutionGuid = {FDE7B1A3-6483-463C-907B-0E6A59EDAB37}
	EndGlobalSection
EndGlobal
